
Microsoft Visual Studio Solution File, Format Version 12.00
# Visual Studio Version 17
VisualStudioVersion = 17.6.33829.357
MinimumVisualStudioVersion = 10.0.40219.1
Project("{FAE04EC0-301F-11D3-BF4B-00C04F79EFBC}") = "PrimeiroProjeto", "PrimeiroProjeto\PrimeiroProjeto.csproj", "{77B790BA-81B7-4D09-A7AA-49973FB59D9F}"
EndProject
Global
	GlobalSection(SolutionConfigurationPlatforms) = preSolution
		Debug|Any CPU = Debug|Any CPU
		Release|Any CPU = Release|Any CPU
	EndGlobalSection
	GlobalSection(ProjectConfigurationPlatforms) = postSolution
		{77B790BA-81B7-4D09-A7AA-49973FB59D9F}.Debug|Any CPU.ActiveCfg = Debug|Any CPU
		{77B790BA-81B7-4D09-A7AA-49973FB59D9F}.Debug|Any CPU.Build.0 = Debug|Any CPU
		{77B790BA-81B7-4D09-A7AA-49973FB59D9F}.Release|Any CPU.ActiveCfg = Release|Any CPU
		{77B790BA-81B7-4D09-A7AA-49973FB59D9F}.Release|Any CPU.Build.0 = Release|Any CPU
	EndGlobalSection
	GlobalSection(SolutionProperties) = preSolution
		HideSolutionNode = FALSE
	EndGlobalSection
	GlobalSection(ExtensibilityGlobals) = postSolution
		SolutionGuid = {34F01B98-9FFE-4C5A-A8A7-B2187DDD4F9E}
	EndGlobalSection
EndGlobal
